
Microsoft Visual Studio Solution File, Format Version 12.00
# Visual Studio 15
VisualStudioVersion = 15.0.26124.0
MinimumVisualStudioVersion = 15.0.26124.0
Project("{FAE04EC0-301F-11D3-BF4B-00C04F79EFBC}") = "WebApi", "WebApi\WebApi.csproj", "{19A985E8-C0EE-47D1-9BB0-53071C41E104}"
EndProject
Project("{FAE04EC0-301F-11D3-BF4B-00C04F79EFBC}") = "BusinessLogic", "BusinessLogic\BusinessLogic.csproj", "{7D89E47C-03B5-4928-B6DD-FB6117CB95B0}"
EndProject
Project("{FAE04EC0-301F-11D3-BF4B-00C04F79EFBC}") = "DataAccess", "DataAccess\DataAccess.csproj", "{E4E1EECF-5D82-437E-9FDE-B71E18224E49}"
EndProject
Project("{FAE04EC0-301F-11D3-BF4B-00C04F79EFBC}") = "Domain", "Domain\Domain.csproj", "{E1B101EE-E416-4E76-9F26-A5CD8AF8AE9B}"
EndProject
Project("{FAE04EC0-301F-11D3-BF4B-00C04F79EFBC}") = "BusinessLogicInterface", "BusinessLogicInterface\BusinessLogicInterface.csproj", "{2BB95AFF-613B-4FFD-8042-39ED4BBC30C0}"
EndProject
Global
	GlobalSection(SolutionConfigurationPlatforms) = preSolution
		Debug|Any CPU = Debug|Any CPU
		Debug|x64 = Debug|x64
		Debug|x86 = Debug|x86
		Release|Any CPU = Release|Any CPU
		Release|x64 = Release|x64
		Release|x86 = Release|x86
	EndGlobalSection
	GlobalSection(SolutionProperties) = preSolution
		HideSolutionNode = FALSE
	EndGlobalSection
	GlobalSection(ProjectConfigurationPlatforms) = postSolution
		{19A985E8-C0EE-47D1-9BB0-53071C41E104}.Debug|Any CPU.ActiveCfg = Debug|Any CPU
		{19A985E8-C0EE-47D1-9BB0-53071C41E104}.Debug|Any CPU.Build.0 = Debug|Any CPU
		{19A985E8-C0EE-47D1-9BB0-53071C41E104}.Debug|x64.ActiveCfg = Debug|Any CPU
		{19A985E8-C0EE-47D1-9BB0-53071C41E104}.Debug|x64.Build.0 = Debug|Any CPU
		{19A985E8-C0EE-47D1-9BB0-53071C41E104}.Debug|x86.ActiveCfg = Debug|Any CPU
		{19A985E8-C0EE-47D1-9BB0-53071C41E104}.Debug|x86.Build.0 = Debug|Any CPU
		{19A985E8-C0EE-47D1-9BB0-53071C41E104}.Release|Any CPU.ActiveCfg = Release|Any CPU
		{19A985E8-C0EE-47D1-9BB0-53071C41E104}.Release|Any CPU.Build.0 = Release|Any CPU
		{19A985E8-C0EE-47D1-9BB0-53071C41E104}.Release|x64.ActiveCfg = Release|Any CPU
		{19A985E8-C0EE-47D1-9BB0-53071C41E104}.Release|x64.Build.0 = Release|Any CPU
		{19A985E8-C0EE-47D1-9BB0-53071C41E104}.Release|x86.ActiveCfg = Release|Any CPU
		{19A985E8-C0EE-47D1-9BB0-53071C41E104}.Release|x86.Build.0 = Release|Any CPU
		{7D89E47C-03B5-4928-B6DD-FB6117CB95B0}.Debug|Any CPU.ActiveCfg = Debug|Any CPU
		{7D89E47C-03B5-4928-B6DD-FB6117CB95B0}.Debug|Any CPU.Build.0 = Debug|Any CPU
		{7D89E47C-03B5-4928-B6DD-FB6117CB95B0}.Debug|x64.ActiveCfg = Debug|Any CPU
		{7D89E47C-03B5-4928-B6DD-FB6117CB95B0}.Debug|x64.Build.0 = Debug|Any CPU
		{7D89E47C-03B5-4928-B6DD-FB6117CB95B0}.Debug|x86.ActiveCfg = Debug|Any CPU
		{7D89E47C-03B5-4928-B6DD-FB6117CB95B0}.Debug|x86.Build.0 = Debug|Any CPU
		{7D89E47C-03B5-4928-B6DD-FB6117CB95B0}.Release|Any CPU.ActiveCfg = Release|Any CPU
		{7D89E47C-03B5-4928-B6DD-FB6117CB95B0}.Release|Any CPU.Build.0 = Release|Any CPU
		{7D89E47C-03B5-4928-B6DD-FB6117CB95B0}.Release|x64.ActiveCfg = Release|Any CPU
		{7D89E47C-03B5-4928-B6DD-FB6117CB95B0}.Release|x64.Build.0 = Release|Any CPU
		{7D89E47C-03B5-4928-B6DD-FB6117CB95B0}.Release|x86.ActiveCfg = Release|Any CPU
		{7D89E47C-03B5-4928-B6DD-FB6117CB95B0}.Release|x86.Build.0 = Release|Any CPU
		{E4E1EECF-5D82-437E-9FDE-B71E18224E49}.Debug|Any CPU.ActiveCfg = Debug|Any CPU
		{E4E1EECF-5D82-437E-9FDE-B71E18224E49}.Debug|Any CPU.Build.0 = Debug|Any CPU
		{E4E1EECF-5D82-437E-9FDE-B71E18224E49}.Debug|x64.ActiveCfg = Debug|Any CPU
		{E4E1EECF-5D82-437E-9FDE-B71E18224E49}.Debug|x64.Build.0 = Debug|Any CPU
		{E4E1EECF-5D82-437E-9FDE-B71E18224E49}.Debug|x86.ActiveCfg = Debug|Any CPU
		{E4E1EECF-5D82-437E-9FDE-B71E18224E49}.Debug|x86.Build.0 = Debug|Any CPU
		{E4E1EECF-5D82-437E-9FDE-B71E18224E49}.Release|Any CPU.ActiveCfg = Release|Any CPU
		{E4E1EECF-5D82-437E-9FDE-B71E18224E49}.Release|Any CPU.Build.0 = Release|Any CPU
		{E4E1EECF-5D82-437E-9FDE-B71E18224E49}.Release|x64.ActiveCfg = Release|Any CPU
		{E4E1EECF-5D82-437E-9FDE-B71E18224E49}.Release|x64.Build.0 = Release|Any CPU
		{E4E1EECF-5D82-437E-9FDE-B71E18224E49}.Release|x86.ActiveCfg = Release|Any CPU
		{E4E1EECF-5D82-437E-9FDE-B71E18224E49}.Release|x86.Build.0 = Release|Any CPU
		{E1B101EE-E416-4E76-9F26-A5CD8AF8AE9B}.Debug|Any CPU.ActiveCfg = Debug|Any CPU
		{E1B101EE-E416-4E76-9F26-A5CD8AF8AE9B}.Debug|Any CPU.Build.0 = Debug|Any CPU
		{E1B101EE-E416-4E76-9F26-A5CD8AF8AE9B}.Debug|x64.ActiveCfg = Debug|Any CPU
		{E1B101EE-E416-4E76-9F26-A5CD8AF8AE9B}.Debug|x64.Build.0 = Debug|Any CPU
		{E1B101EE-E416-4E76-9F26-A5CD8AF8AE9B}.Debug|x86.ActiveCfg = Debug|Any CPU
		{E1B101EE-E416-4E76-9F26-A5CD8AF8AE9B}.Debug|x86.Build.0 = Debug|Any CPU
		{E1B101EE-E416-4E76-9F26-A5CD8AF8AE9B}.Release|Any CPU.ActiveCfg = Release|Any CPU
		{E1B101EE-E416-4E76-9F26-A5CD8AF8AE9B}.Release|Any CPU.Build.0 = Release|Any CPU
		{E1B101EE-E416-4E76-9F26-A5CD8AF8AE9B}.Release|x64.ActiveCfg = Release|Any CPU
		{E1B101EE-E416-4E76-9F26-A5CD8AF8AE9B}.Release|x64.Build.0 = Release|Any CPU
		{E1B101EE-E416-4E76-9F26-A5CD8AF8AE9B}.Release|x86.ActiveCfg = Release|Any CPU
		{E1B101EE-E416-4E76-9F26-A5CD8AF8AE9B}.Release|x86.Build.0 = Release|Any CPU
		{2BB95AFF-613B-4FFD-8042-39ED4BBC30C0}.Debug|Any CPU.ActiveCfg = Debug|Any CPU
		{2BB95AFF-613B-4FFD-8042-39ED4BBC30C0}.Debug|Any CPU.Build.0 = Debug|Any CPU
		{2BB95AFF-613B-4FFD-8042-39ED4BBC30C0}.Debug|x64.ActiveCfg = Debug|Any CPU
		{2BB95AFF-613B-4FFD-8042-39ED4BBC30C0}.Debug|x64.Build.0 = Debug|Any CPU
		{2BB95AFF-613B-4FFD-8042-39ED4BBC30C0}.Debug|x86.ActiveCfg = Debug|Any CPU
		{2BB95AFF-613B-4FFD-8042-39ED4BBC30C0}.Debug|x86.Build.0 = Debug|Any CPU
		{2BB95AFF-613B-4FFD-8042-39ED4BBC30C0}.Release|Any CPU.ActiveCfg = Release|Any CPU
		{2BB95AFF-613B-4FFD-8042-39ED4BBC30C0}.Release|Any CPU.Build.0 = Release|Any CPU
		{2BB95AFF-613B-4FFD-8042-39ED4BBC30C0}.Release|x64.ActiveCfg = Release|Any CPU
		{2BB95AFF-613B-4FFD-8042-39ED4BBC30C0}.Release|x64.Build.0 = Release|Any CPU
		{2BB95AFF-613B-4FFD-8042-39ED4BBC30C0}.Release|x86.ActiveCfg = Release|Any CPU
		{2BB95AFF-613B-4FFD-8042-39ED4BBC30C0}.Release|x86.Build.0 = Release|Any CPU
	EndGlobalSection
EndGlobal
